// !$*UTF8*$!
{
	archiveVersion = 1;
	classes = {
	};
	objectVersion = 50;
	objects = {

/* Begin PBXBuildFile section */
		7A535F3722BC87E5002A21EB /* main.cpp in Sources */ = {isa = PBXBuildFile; fileRef = 7A535F3622BC87E5002A21EB /* main.cpp */; };
		7A535F3F22BC8833002A21EB /* arithmeticCodec.cpp in Sources */ = {isa = PBXBuildFile; fileRef = 7A535F3D22BC8833002A21EB /* arithmeticCodec.cpp */; };
		7A535F4322BF6CD4002A21EB /* CabacEngine.cpp in Sources */ = {isa = PBXBuildFile; fileRef = 7A535F4122BF6CD4002A21EB /* CabacEngine.cpp */; };
		7A535F4722C0C139002A21EB /* CabacEngine-x264.cpp in Sources */ = {isa = PBXBuildFile; fileRef = 7A535F4522C0C139002A21EB /* CabacEngine-x264.cpp */; };
		7A535F4A22C0D0CA002A21EB /* CabacEngineBasic.cpp in Sources */ = {isa = PBXBuildFile; fileRef = 7A535F4822C0D0C9002A21EB /* CabacEngineBasic.cpp */; };
/* End PBXBuildFile section */

/* Begin PBXCopyFilesBuildPhase section */
		7A535F3122BC87E5002A21EB /* CopyFiles */ = {
			isa = PBXCopyFilesBuildPhase;
			buildActionMask = 2147483647;
			dstPath = /usr/share/man/man1/;
			dstSubfolderSpec = 0;
			files = (
			);
			runOnlyForDeploymentPostprocessing = 1;
		};
/* End PBXCopyFilesBuildPhase section */

/* Begin PBXFileReference section */
		7A535F3322BC87E5002A21EB /* arithmetic-codec */ = {isa = PBXFileReference; explicitFileType = "compiled.mach-o.executable"; includeInIndex = 0; path = "arithmetic-codec"; sourceTree = BUILT_PRODUCTS_DIR; };
		7A535F3622BC87E5002A21EB /* main.cpp */ = {isa = PBXFileReference; lastKnownFileType = sourcecode.cpp.cpp; path = main.cpp; sourceTree = "<group>"; };
		7A535F3D22BC8833002A21EB /* arithmeticCodec.cpp */ = {isa = PBXFileReference; lastKnownFileType = sourcecode.cpp.cpp; path = arithmeticCodec.cpp; sourceTree = "<group>"; };
		7A535F3E22BC8833002A21EB /* arithmeticCodec.hpp */ = {isa = PBXFileReference; lastKnownFileType = sourcecode.cpp.h; path = arithmeticCodec.hpp; sourceTree = "<group>"; };
		7A535F4122BF6CD4002A21EB /* CabacEngine.cpp */ = {isa = PBXFileReference; lastKnownFileType = sourcecode.cpp.cpp; path = CabacEngine.cpp; sourceTree = "<group>"; };
		7A535F4222BF6CD4002A21EB /* CabacEngine.hpp */ = {isa = PBXFileReference; lastKnownFileType = sourcecode.cpp.h; path = CabacEngine.hpp; sourceTree = "<group>"; };
		7A535F4422C083DA002A21EB /* Common.h */ = {isa = PBXFileReference; lastKnownFileType = sourcecode.c.h; path = Common.h; sourceTree = "<group>"; };
		7A535F4522C0C139002A21EB /* CabacEngine-x264.cpp */ = {isa = PBXFileReference; fileEncoding = 4; lastKnownFileType = sourcecode.cpp.cpp; path = "CabacEngine-x264.cpp"; sourceTree = "<group>"; };
		7A535F4622C0C139002A21EB /* CabacEngine-x264.hpp */ = {isa = PBXFileReference; fileEncoding = 4; lastKnownFileType = sourcecode.cpp.h; path = "CabacEngine-x264.hpp"; sourceTree = "<group>"; };
		7A535F4822C0D0C9002A21EB /* CabacEngineBasic.cpp */ = {isa = PBXFileReference; fileEncoding = 4; lastKnownFileType = sourcecode.cpp.cpp; path = CabacEngineBasic.cpp; sourceTree = "<group>"; };
		7A535F4922C0D0C9002A21EB /* CabacEngineBasic.hpp */ = {isa = PBXFileReference; fileEncoding = 4; lastKnownFileType = sourcecode.cpp.h; path = CabacEngineBasic.hpp; sourceTree = "<group>"; };
/* End PBXFileReference section */

/* Begin PBXFrameworksBuildPhase section */
		7A535F3022BC87E5002A21EB /* Frameworks */ = {
			isa = PBXFrameworksBuildPhase;
			buildActionMask = 2147483647;
			files = (
			);
			runOnlyForDeploymentPostprocessing = 0;
		};
/* End PBXFrameworksBuildPhase section */

/* Begin PBXGroup section */
		7A535F2A22BC87E5002A21EB = {
			isa = PBXGroup;
			children = (
				7A535F3522BC87E5002A21EB /* arithmetic-codec */,
				7A535F3422BC87E5002A21EB /* Products */,
			);
			sourceTree = "<group>";
		};
		7A535F3422BC87E5002A21EB /* Products */ = {
			isa = PBXGroup;
			children = (
				7A535F3322BC87E5002A21EB /* arithmetic-codec */,
			);
			name = Products;
			sourceTree = "<group>";
		};
		7A535F3522BC87E5002A21EB /* arithmetic-codec */ = {
			isa = PBXGroup;
			children = (
				7A535F3622BC87E5002A21EB /* main.cpp */,
				7A535F4822C0D0C9002A21EB /* CabacEngineBasic.cpp */,
				7A535F4922C0D0C9002A21EB /* CabacEngineBasic.hpp */,
				7A535F3D22BC8833002A21EB /* arithmeticCodec.cpp */,
				7A535F3E22BC8833002A21EB /* arithmeticCodec.hpp */,
				7A535F4122BF6CD4002A21EB /* CabacEngine.cpp */,
				7A535F4222BF6CD4002A21EB /* CabacEngine.hpp */,
				7A535F4522C0C139002A21EB /* CabacEngine-x264.cpp */,
				7A535F4622C0C139002A21EB /* CabacEngine-x264.hpp */,
				7A535F4422C083DA002A21EB /* Common.h */,
			);
			path = "arithmetic-codec";
			sourceTree = "<group>";
		};
/* End PBXGroup section */

/* Begin PBXNativeTarget section */
		7A535F3222BC87E5002A21EB /* arithmetic-codec */ = {
			isa = PBXNativeTarget;
			buildConfigurationList = 7A535F3A22BC87E5002A21EB /* Build configuration list for PBXNativeTarget "arithmetic-codec" */;
			buildPhases = (
				7A535F2F22BC87E5002A21EB /* Sources */,
				7A535F3022BC87E5002A21EB /* Frameworks */,
				7A535F3122BC87E5002A21EB /* CopyFiles */,
			);
			buildRules = (
			);
			dependencies = (
			);
			name = "arithmetic-codec";
			productName = "arithmetic-codec";
			productReference = 7A535F3322BC87E5002A21EB /* arithmetic-codec */;
			productType = "com.apple.product-type.tool";
		};
/* End PBXNativeTarget section */

/* Begin PBXProject section */
		7A535F2B22BC87E5002A21EB /* Project object */ = {
			isa = PBXProject;
			attributes = {
				LastUpgradeCheck = 1020;
				ORGANIZATIONNAME = edward.shi;
				TargetAttributes = {
					7A535F3222BC87E5002A21EB = {
						CreatedOnToolsVersion = 10.2.1;
					};
				};
			};
			buildConfigurationList = 7A535F2E22BC87E5002A21EB /* Build configuration list for PBXProject "arithmetic-codec" */;
			compatibilityVersion = "Xcode 9.3";
			developmentRegion = en;
			hasScannedForEncodings = 0;
			knownRegions = (
				en,
			);
			mainGroup = 7A535F2A22BC87E5002A21EB;
			productRefGroup = 7A535F3422BC87E5002A21EB /* Products */;
			projectDirPath = "";
			projectRoot = "";
			targets = (
				7A535F3222BC87E5002A21EB /* arithmetic-codec */,
			);
		};
/* End PBXProject section */

/* Begin PBXSourcesBuildPhase section */
		7A535F2F22BC87E5002A21EB /* Sources */ = {
			isa = PBXSourcesBuildPhase;
			buildActionMask = 2147483647;
			files = (
				7A535F4A22C0D0CA002A21EB /* CabacEngineBasic.cpp in Sources */,
				7A535F3F22BC8833002A21EB /* arithmeticCodec.cpp in Sources */,
				7A535F3722BC87E5002A21EB /* main.cpp in Sources */,
				7A535F4722C0C139002A21EB /* CabacEngine-x264.cpp in Sources */,
				7A535F4322BF6CD4002A21EB /* CabacEngine.cpp in Sources */,
			);
			runOnlyForDeploymentPostprocessing = 0;
		};
/* End PBXSourcesBuildPhase section */

/* Begin XCBuildConfiguration section */
		7A535F3822BC87E5002A21EB /* Debug */ = {
			isa = XCBuildConfiguration;
			buildSettings = {
				ALWAYS_SEARCH_USER_PATHS = NO;
				CLANG_ANALYZER_NONNULL = YES;
				CLANG_ANALYZER_NUMBER_OBJECT_CONVERSION = YES_AGGRESSIVE;
				CLANG_CXX_LANGUAGE_STANDARD = "gnu++14";
				CLANG_CXX_LIBRARY = "libc++";
				CLANG_ENABLE_MODULES = YES;
				CLANG_ENABLE_OBJC_ARC = YES;
				CLANG_ENABLE_OBJC_WEAK = YES;
				CLANG_WARN_BLOCK_CAPTURE_AUTORELEASING = YES;
				CLANG_WARN_BOOL_CONVERSION = YES;
				CLANG_WARN_COMMA = YES;
				CLANG_WARN_CONSTANT_CONVERSION = YES;
				CLANG_WARN_DEPRECATED_OBJC_IMPLEMENTATIONS = YES;
				CLANG_WARN_DIRECT_OBJC_ISA_USAGE = YES_ERROR;
				CLANG_WARN_DOCUMENTATION_COMMENTS = YES;
				CLANG_WARN_EMPTY_BODY = YES;
				CLANG_WARN_ENUM_CONVERSION = YES;
				CLANG_WARN_INFINITE_RECURSION = YES;
				CLANG_WARN_INT_CONVERSION = YES;
				CLANG_WARN_NON_LITERAL_NULL_CONVERSION = YES;
				CLANG_WARN_OBJC_IMPLICIT_RETAIN_SELF = YES;
				CLANG_WARN_OBJC_LITERAL_CONVERSION = YES;
				CLANG_WARN_OBJC_ROOT_CLASS = YES_ERROR;
				CLANG_WARN_RANGE_LOOP_ANALYSIS = YES;
				CLANG_WARN_STRICT_PROTOTYPES = YES;
				CLANG_WARN_SUSPICIOUS_MOVE = YES;
				CLANG_WARN_UNGUARDED_AVAILABILITY = YES_AGGRESSIVE;
				CLANG_WARN_UNREACHABLE_CODE = YES;
				CLANG_WARN__DUPLICATE_METHOD_MATCH = YES;
				CODE_SIGN_IDENTITY = "-";
				COPY_PHASE_STRIP = NO;
				DEBUG_INFORMATION_FORMAT = dwarf;
				ENABLE_STRICT_OBJC_MSGSEND = YES;
				ENABLE_TESTABILITY = YES;
				GCC_C_LANGUAGE_STANDARD = gnu11;
				GCC_DYNAMIC_NO_PIC = NO;
				GCC_NO_COMMON_BLOCKS = YES;
				GCC_OPTIMIZATION_LEVEL = 0;
				GCC_PREPROCESSOR_DEFINITIONS = (
					"DEBUG=1",
					"$(inherited)",
				);
				GCC_WARN_64_TO_32_BIT_CONVERSION = YES;
				GCC_WARN_ABOUT_RETURN_TYPE = YES_ERROR;
				GCC_WARN_UNDECLARED_SELECTOR = YES;
				GCC_WARN_UNINITIALIZED_AUTOS = YES_AGGRESSIVE;
				GCC_WARN_UNUSED_FUNCTION = YES;
				GCC_WARN_UNUSED_VARIABLE = YES;
				MACOSX_DEPLOYMENT_TARGET = 10.14;
				MTL_ENABLE_DEBUG_INFO = INCLUDE_SOURCE;
				MTL_FAST_MATH = YES;
				ONLY_ACTIVE_ARCH = YES;
				SDKROOT = macosx;
			};
			name = Debug;
		};
		7A535F3922BC87E5002A21EB /* Release */ = {
			isa = XCBuildConfiguration;
			buildSettings = {
				ALWAYS_SEARCH_USER_PATHS = NO;
				CLANG_ANALYZER_NONNULL = YES;
				CLANG_ANALYZER_NUMBER_OBJECT_CONVERSION = YES_AGGRESSIVE;
				CLANG_CXX_LANGUAGE_STANDARD = "gnu++14";
				CLANG_CXX_LIBRARY = "libc++";
				CLANG_ENABLE_MODULES = YES;
				CLANG_ENABLE_OBJC_ARC = YES;
				CLANG_ENABLE_OBJC_WEAK = YES;
				CLANG_WARN_BLOCK_CAPTURE_AUTORELEASING = YES;
				CLANG_WARN_BOOL_CONVERSION = YES;
				CLANG_WARN_COMMA = YES;
				CLANG_WARN_CONSTANT_CONVERSION = YES;
				CLANG_WARN_DEPRECATED_OBJC_IMPLEMENTATIONS = YES;
				CLANG_WARN_DIRECT_OBJC_ISA_USAGE = YES_ERROR;
				CLANG_WARN_DOCUMENTATION_COMMENTS = YES;
				CLANG_WARN_EMPTY_BODY = YES;
				CLANG_WARN_ENUM_CONVERSION = YES;
				CLANG_WARN_INFINITE_RECURSION = YES;
				CLANG_WARN_INT_CONVERSION = YES;
				CLANG_WARN_NON_LITERAL_NULL_CONVERSION = YES;
				CLANG_WARN_OBJC_IMPLICIT_RETAIN_SELF = YES;
				CLANG_WARN_OBJC_LITERAL_CONVERSION = YES;
				CLANG_WARN_OBJC_ROOT_CLASS = YES_ERROR;
				CLANG_WARN_RANGE_LOOP_ANALYSIS = YES;
				CLANG_WARN_STRICT_PROTOTYPES = YES;
				CLANG_WARN_SUSPICIOUS_MOVE = YES;
				CLANG_WARN_UNGUARDED_AVAILABILITY = YES_AGGRESSIVE;
				CLANG_WARN_UNREACHABLE_CODE = YES;
				CLANG_WARN__DUPLICATE_METHOD_MATCH = YES;
				CODE_SIGN_IDENTITY = "-";
				COPY_PHASE_STRIP = NO;
				DEBUG_INFORMATION_FORMAT = "dwarf-with-dsym";
				ENABLE_NS_ASSERTIONS = NO;
				ENABLE_STRICT_OBJC_MSGSEND = YES;
				GCC_C_LANGUAGE_STANDARD = gnu11;
				GCC_NO_COMMON_BLOCKS = YES;
				GCC_WARN_64_TO_32_BIT_CONVERSION = YES;
				GCC_WARN_ABOUT_RETURN_TYPE = YES_ERROR;
				GCC_WARN_UNDECLARED_SELECTOR = YES;
				GCC_WARN_UNINITIALIZED_AUTOS = YES_AGGRESSIVE;
				GCC_WARN_UNUSED_FUNCTION = YES;
				GCC_WARN_UNUSED_VARIABLE = YES;
				MACOSX_DEPLOYMENT_TARGET = 10.14;
				MTL_ENABLE_DEBUG_INFO = NO;
				MTL_FAST_MATH = YES;
				SDKROOT = macosx;
			};
			name = Release;
		};
		7A535F3B22BC87E5002A21EB /* Debug */ = {
			isa = XCBuildConfiguration;
			buildSettings = {
				CODE_SIGN_STYLE = Automatic;
				PRODUCT_NAME = "$(TARGET_NAME)";
			};
			name = Debug;
		};
		7A535F3C22BC87E5002A21EB /* Release */ = {
			isa = XCBuildConfiguration;
			buildSettings = {
				CODE_SIGN_STYLE = Automatic;
				PRODUCT_NAME = "$(TARGET_NAME)";
			};
			name = Release;
		};
/* End XCBuildConfiguration section */

/* Begin XCConfigurationList section */
		7A535F2E22BC87E5002A21EB /* Build configuration list for PBXProject "arithmetic-codec" */ = {
			isa = XCConfigurationList;
			buildConfigurations = (
				7A535F3822BC87E5002A21EB /* Debug */,
				7A535F3922BC87E5002A21EB /* Release */,
			);
			defaultConfigurationIsVisible = 0;
			defaultConfigurationName = Release;
		};
		7A535F3A22BC87E5002A21EB /* Build configuration list for PBXNativeTarget "arithmetic-codec" */ = {
			isa = XCConfigurationList;
			buildConfigurations = (
				7A535F3B22BC87E5002A21EB /* Debug */,
				7A535F3C22BC87E5002A21EB /* Release */,
			);
			defaultConfigurationIsVisible = 0;
			defaultConfigurationName = Release;
		};
/* End XCConfigurationList section */
	};
	rootObject = 7A535F2B22BC87E5002A21EB /* Project object */;
}
